
Microsoft Visual Studio Solution File, Format Version 12.00
# Visual Studio Version 17
VisualStudioVersion = 17.14.36511.14 d17.14
MinimumVisualStudioVersion = 10.0.40219.1
Project("{FAE04EC0-301F-11D3-BF4B-00C04F79EFBC}") = "Week3-Library", "Week3-Library\Week3-Library.csproj", "{CBC441DC-2FEA-45E4-AC0B-01AF59465DFF}"
EndProject
Global
	GlobalSection(SolutionConfigurationPlatforms) = preSolution
		Debug|Any CPU = Debug|Any CPU
		Release|Any CPU = Release|Any CPU
	EndGlobalSection
	GlobalSection(ProjectConfigurationPlatforms) = postSolution
		{CBC441DC-2FEA-45E4-AC0B-01AF59465DFF}.Debug|Any CPU.ActiveCfg = Debug|Any CPU
		{CBC441DC-2FEA-45E4-AC0B-01AF59465DFF}.Debug|Any CPU.Build.0 = Debug|Any CPU
		{CBC441DC-2FEA-45E4-AC0B-01AF59465DFF}.Release|Any CPU.ActiveCfg = Release|Any CPU
		{CBC441DC-2FEA-45E4-AC0B-01AF59465DFF}.Release|Any CPU.Build.0 = Release|Any CPU
	EndGlobalSection
	GlobalSection(SolutionProperties) = preSolution
		HideSolutionNode = FALSE
	EndGlobalSection
	GlobalSection(ExtensibilityGlobals) = postSolution
		SolutionGuid = {483ADA27-A6A9-4CA3-8BF8-FE416579FBE1}
	EndGlobalSection
EndGlobal
